// !$*UTF8*$!
{
	archiveVersion = 1;
	classes = {
	};
	objectVersion = 56;
	objects = {

/* Begin PBXBuildFile section */
		46052946B3EE0DBB2FF29E79 /* Pods_gasolinaOuAlcool.framework in Frameworks */ = {isa = PBXBuildFile; fileRef = AEA5C0E99AC4A93443EA4635 /* Pods_gasolinaOuAlcool.framework */; };
		812203412A9E6AEF00383E92 /* resultadoVC.swift in Sources */ = {isa = PBXBuildFile; fileRef = 812203402A9E6AEF00383E92 /* resultadoVC.swift */; };
		812203432A9E6B0800383E92 /* resultadoScreen.swift in Sources */ = {isa = PBXBuildFile; fileRef = 812203422A9E6B0800383E92 /* resultadoScreen.swift */; };
		81CE3A372A93F1A00028EC7A /* AppDelegate.swift in Sources */ = {isa = PBXBuildFile; fileRef = 81CE3A362A93F1A00028EC7A /* AppDelegate.swift */; };
		81CE3A392A93F1A00028EC7A /* SceneDelegate.swift in Sources */ = {isa = PBXBuildFile; fileRef = 81CE3A382A93F1A00028EC7A /* SceneDelegate.swift */; };
		81CE3A3B2A93F1A00028EC7A /* homeVC.swift in Sources */ = {isa = PBXBuildFile; fileRef = 81CE3A3A2A93F1A00028EC7A /* homeVC.swift */; };
		81CE3A402A93F1A20028EC7A /* Assets.xcassets in Resources */ = {isa = PBXBuildFile; fileRef = 81CE3A3F2A93F1A20028EC7A /* Assets.xcassets */; };
		81CE3A432A93F1A20028EC7A /* LaunchScreen.storyboard in Resources */ = {isa = PBXBuildFile; fileRef = 81CE3A412A93F1A20028EC7A /* LaunchScreen.storyboard */; };
		81CE3A4D2A93F69C0028EC7A /* homeScreen.swift in Sources */ = {isa = PBXBuildFile; fileRef = 81CE3A4C2A93F69C0028EC7A /* homeScreen.swift */; };
		81CE3A522A9541070028EC7A /* calculadoraVC.swift in Sources */ = {isa = PBXBuildFile; fileRef = 81CE3A512A9541070028EC7A /* calculadoraVC.swift */; };
		81CE3A552A9542320028EC7A /* calculadoraScreen.swift in Sources */ = {isa = PBXBuildFile; fileRef = 81CE3A542A9542320028EC7A /* calculadoraScreen.swift */; };
		81CE3A582A97E96D0028EC7A /* alert.swift in Sources */ = {isa = PBXBuildFile; fileRef = 81CE3A572A97E96D0028EC7A /* alert.swift */; };
		81D236122AA1169C002F1FA0 /* UITextField + Extension.swift in Sources */ = {isa = PBXBuildFile; fileRef = 81D236112AA1169C002F1FA0 /* UITextField + Extension.swift */; };
		81D236142AA12547002F1FA0 /* UIViewController + Extension.swift in Sources */ = {isa = PBXBuildFile; fileRef = 81D236132AA12547002F1FA0 /* UIViewController + Extension.swift */; };
/* End PBXBuildFile section */

/* Begin PBXFileReference section */
		17E1820C329612FFDD972426 /* Pods-gasolinaOuAlcool.debug.xcconfig */ = {isa = PBXFileReference; includeInIndex = 1; lastKnownFileType = text.xcconfig; name = "Pods-gasolinaOuAlcool.debug.xcconfig"; path = "Target Support Files/Pods-gasolinaOuAlcool/Pods-gasolinaOuAlcool.debug.xcconfig"; sourceTree = "<group>"; };
		812203402A9E6AEF00383E92 /* resultadoVC.swift */ = {isa = PBXFileReference; lastKnownFileType = sourcecode.swift; path = resultadoVC.swift; sourceTree = "<group>"; };
		812203422A9E6B0800383E92 /* resultadoScreen.swift */ = {isa = PBXFileReference; lastKnownFileType = sourcecode.swift; path = resultadoScreen.swift; sourceTree = "<group>"; };
		81CE3A332A93F1A00028EC7A /* gasolinaOuAlcool.app */ = {isa = PBXFileReference; explicitFileType = wrapper.application; includeInIndex = 0; path = gasolinaOuAlcool.app; sourceTree = BUILT_PRODUCTS_DIR; };
		81CE3A362A93F1A00028EC7A /* AppDelegate.swift */ = {isa = PBXFileReference; lastKnownFileType = sourcecode.swift; path = AppDelegate.swift; sourceTree = "<group>"; };
		81CE3A382A93F1A00028EC7A /* SceneDelegate.swift */ = {isa = PBXFileReference; lastKnownFileType = sourcecode.swift; path = SceneDelegate.swift; sourceTree = "<group>"; };
		81CE3A3A2A93F1A00028EC7A /* homeVC.swift */ = {isa = PBXFileReference; lastKnownFileType = sourcecode.swift; path = homeVC.swift; sourceTree = "<group>"; };
		81CE3A3F2A93F1A20028EC7A /* Assets.xcassets */ = {isa = PBXFileReference; lastKnownFileType = folder.assetcatalog; path = Assets.xcassets; sourceTree = "<group>"; };
		81CE3A422A93F1A20028EC7A /* Base */ = {isa = PBXFileReference; lastKnownFileType = file.storyboard; name = Base; path = Base.lproj/LaunchScreen.storyboard; sourceTree = "<group>"; };
		81CE3A442A93F1A20028EC7A /* Info.plist */ = {isa = PBXFileReference; lastKnownFileType = text.plist.xml; path = Info.plist; sourceTree = "<group>"; };
		81CE3A4C2A93F69C0028EC7A /* homeScreen.swift */ = {isa = PBXFileReference; lastKnownFileType = sourcecode.swift; path = homeScreen.swift; sourceTree = "<group>"; };
		81CE3A512A9541070028EC7A /* calculadoraVC.swift */ = {isa = PBXFileReference; lastKnownFileType = sourcecode.swift; path = calculadoraVC.swift; sourceTree = "<group>"; };
		81CE3A542A9542320028EC7A /* calculadoraScreen.swift */ = {isa = PBXFileReference; lastKnownFileType = sourcecode.swift; path = calculadoraScreen.swift; sourceTree = "<group>"; };
		81CE3A572A97E96D0028EC7A /* alert.swift */ = {isa = PBXFileReference; lastKnownFileType = sourcecode.swift; path = alert.swift; sourceTree = "<group>"; };
		81D236112AA1169C002F1FA0 /* UITextField + Extension.swift */ = {isa = PBXFileReference; lastKnownFileType = sourcecode.swift; path = "UITextField + Extension.swift"; sourceTree = "<group>"; };
		81D236132AA12547002F1FA0 /* UIViewController + Extension.swift */ = {isa = PBXFileReference; lastKnownFileType = sourcecode.swift; path = "UIViewController + Extension.swift"; sourceTree = "<group>"; };
		AEA5C0E99AC4A93443EA4635 /* Pods_gasolinaOuAlcool.framework */ = {isa = PBXFileReference; explicitFileType = wrapper.framework; includeInIndex = 0; path = Pods_gasolinaOuAlcool.framework; sourceTree = BUILT_PRODUCTS_DIR; };
		EED7AE50428C22E7EA4E3285 /* Pods-gasolinaOuAlcool.release.xcconfig */ = {isa = PBXFileReference; includeInIndex = 1; lastKnownFileType = text.xcconfig; name = "Pods-gasolinaOuAlcool.release.xcconfig"; path = "Target Support Files/Pods-gasolinaOuAlcool/Pods-gasolinaOuAlcool.release.xcconfig"; sourceTree = "<group>"; };
/* End PBXFileReference section */

/* Begin PBXFrameworksBuildPhase section */
		81CE3A302A93F1A00028EC7A /* Frameworks */ = {
			isa = PBXFrameworksBuildPhase;
			buildActionMask = 2147483647;
			files = (
				46052946B3EE0DBB2FF29E79 /* Pods_gasolinaOuAlcool.framework in Frameworks */,
			);
			runOnlyForDeploymentPostprocessing = 0;
		};
/* End PBXFrameworksBuildPhase section */

/* Begin PBXGroup section */
		8122033D2A9E6AB000383E92 /* resultado */ = {
			isa = PBXGroup;
			children = (
				8122033F2A9E6ACF00383E92 /* resultadoScreen */,
				8122033E2A9E6ABA00383E92 /* resultadoVC */,
			);
			path = resultado;
			sourceTree = "<group>";
		};
		8122033E2A9E6ABA00383E92 /* resultadoVC */ = {
			isa = PBXGroup;
			children = (
				812203402A9E6AEF00383E92 /* resultadoVC.swift */,
			);
			path = resultadoVC;
			sourceTree = "<group>";
		};
		8122033F2A9E6ACF00383E92 /* resultadoScreen */ = {
			isa = PBXGroup;
			children = (
				812203422A9E6B0800383E92 /* resultadoScreen.swift */,
			);
			path = resultadoScreen;
			sourceTree = "<group>";
		};
		81CE3A2A2A93F1A00028EC7A = {
			isa = PBXGroup;
			children = (
				81CE3A352A93F1A00028EC7A /* gasolinaOuAlcool */,
				81CE3A342A93F1A00028EC7A /* Products */,
				E0F65BCCFB33A33FC10E0BAA /* Pods */,
				B69D83FD1A90BD852E128F8C /* Frameworks */,
			);
			sourceTree = "<group>";
		};
		81CE3A342A93F1A00028EC7A /* Products */ = {
			isa = PBXGroup;
			children = (
				81CE3A332A93F1A00028EC7A /* gasolinaOuAlcool.app */,
			);
			name = Products;
			sourceTree = "<group>";
		};
		81CE3A352A93F1A00028EC7A /* gasolinaOuAlcool */ = {
			isa = PBXGroup;
			children = (
				81D236102AA1166D002F1FA0 /* extension */,
				8122033D2A9E6AB000383E92 /* resultado */,
				81CE3A562A97E9520028EC7A /* alert */,
				81CE3A4F2A9540DD0028EC7A /* calculadora */,
				81CE3A4E2A953E7B0028EC7A /* home */,
				81CE3A362A93F1A00028EC7A /* AppDelegate.swift */,
				81CE3A382A93F1A00028EC7A /* SceneDelegate.swift */,
				81CE3A3F2A93F1A20028EC7A /* Assets.xcassets */,
				81CE3A412A93F1A20028EC7A /* LaunchScreen.storyboard */,
				81CE3A442A93F1A20028EC7A /* Info.plist */,
			);
			path = gasolinaOuAlcool;
			sourceTree = "<group>";
		};
		81CE3A4A2A93F6370028EC7A /* home vc */ = {
			isa = PBXGroup;
			children = (
				81CE3A3A2A93F1A00028EC7A /* homeVC.swift */,
			);
			path = "home vc";
			sourceTree = "<group>";
		};
		81CE3A4B2A93F65A0028EC7A /* homeScreen */ = {
			isa = PBXGroup;
			children = (
				81CE3A4C2A93F69C0028EC7A /* homeScreen.swift */,
			);
			path = homeScreen;
			sourceTree = "<group>";
		};
		81CE3A4E2A953E7B0028EC7A /* home */ = {
			isa = PBXGroup;
			children = (
				81CE3A4B2A93F65A0028EC7A /* homeScreen */,
				81CE3A4A2A93F6370028EC7A /* home vc */,
			);
			path = home;
			sourceTree = "<group>";
		};
		81CE3A4F2A9540DD0028EC7A /* calculadora */ = {
			isa = PBXGroup;
			children = (
				81CE3A532A9542010028EC7A /* calculadoraScreen */,
				81CE3A502A9540EB0028EC7A /* calculadoraVC */,
			);
			path = calculadora;
			sourceTree = "<group>";
		};
		81CE3A502A9540EB0028EC7A /* calculadoraVC */ = {
			isa = PBXGroup;
			children = (
				81CE3A512A9541070028EC7A /* calculadoraVC.swift */,
			);
			path = calculadoraVC;
			sourceTree = "<group>";
		};
		81CE3A532A9542010028EC7A /* calculadoraScreen */ = {
			isa = PBXGroup;
			children = (
				81CE3A542A9542320028EC7A /* calculadoraScreen.swift */,
			);
			path = calculadoraScreen;
			sourceTree = "<group>";
		};
		81CE3A562A97E9520028EC7A /* alert */ = {
			isa = PBXGroup;
			children = (
				81CE3A572A97E96D0028EC7A /* alert.swift */,
			);
			path = alert;
			sourceTree = "<group>";
		};
		81D236102AA1166D002F1FA0 /* extension */ = {
			isa = PBXGroup;
			children = (
				81D236112AA1169C002F1FA0 /* UITextField + Extension.swift */,
				81D236132AA12547002F1FA0 /* UIViewController + Extension.swift */,
			);
			path = extension;
			sourceTree = "<group>";
		};
		B69D83FD1A90BD852E128F8C /* Frameworks */ = {
			isa = PBXGroup;
			children = (
				AEA5C0E99AC4A93443EA4635 /* Pods_gasolinaOuAlcool.framework */,
			);
			name = Frameworks;
			sourceTree = "<group>";
		};
		E0F65BCCFB33A33FC10E0BAA /* Pods */ = {
			isa = PBXGroup;
			children = (
				17E1820C329612FFDD972426 /* Pods-gasolinaOuAlcool.debug.xcconfig */,
				EED7AE50428C22E7EA4E3285 /* Pods-gasolinaOuAlcool.release.xcconfig */,
			);
			name = Pods;
			path = Pods;
			sourceTree = "<group>";
		};
/* End PBXGroup section */

/* Begin PBXNativeTarget section */
		81CE3A322A93F1A00028EC7A /* gasolinaOuAlcool */ = {
			isa = PBXNativeTarget;
			buildConfigurationList = 81CE3A472A93F1A20028EC7A /* Build configuration list for PBXNativeTarget "gasolinaOuAlcool" */;
			buildPhases = (
				999325A7CBE06C9AD9961B49 /* [CP] Check Pods Manifest.lock */,
				81CE3A2F2A93F1A00028EC7A /* Sources */,
				81CE3A302A93F1A00028EC7A /* Frameworks */,
				81CE3A312A93F1A00028EC7A /* Resources */,
				4CA0320198D6094102B778BC /* [CP] Embed Pods Frameworks */,
			);
			buildRules = (
			);
			dependencies = (
			);
			name = gasolinaOuAlcool;
			productName = gasolinaOuAlcool;
			productReference = 81CE3A332A93F1A00028EC7A /* gasolinaOuAlcool.app */;
			productType = "com.apple.product-type.application";
		};
/* End PBXNativeTarget section */

/* Begin PBXProject section */
		81CE3A2B2A93F1A00028EC7A /* Project object */ = {
			isa = PBXProject;
			attributes = {
				BuildIndependentTargetsInParallel = 1;
				LastSwiftUpdateCheck = 1430;
				LastUpgradeCheck = 1430;
				TargetAttributes = {
					81CE3A322A93F1A00028EC7A = {
						CreatedOnToolsVersion = 14.3.1;
					};
				};
			};
			buildConfigurationList = 81CE3A2E2A93F1A00028EC7A /* Build configuration list for PBXProject "gasolinaOuAlcool" */;
			compatibilityVersion = "Xcode 14.0";
			developmentRegion = en;
			hasScannedForEncodings = 0;
			knownRegions = (
				en,
				Base,
			);
			mainGroup = 81CE3A2A2A93F1A00028EC7A;
			productRefGroup = 81CE3A342A93F1A00028EC7A /* Products */;
			projectDirPath = "";
			projectRoot = "";
			targets = (
				81CE3A322A93F1A00028EC7A /* gasolinaOuAlcool */,
			);
		};
/* End PBXProject section */

/* Begin PBXResourcesBuildPhase section */
		81CE3A312A93F1A00028EC7A /* Resources */ = {
			isa = PBXResourcesBuildPhase;
			buildActionMask = 2147483647;
			files = (
				81CE3A432A93F1A20028EC7A /* LaunchScreen.storyboard in Resources */,
				81CE3A402A93F1A20028EC7A /* Assets.xcassets in Resources */,
			);
			runOnlyForDeploymentPostprocessing = 0;
		};
/* End PBXResourcesBuildPhase section */

/* Begin PBXShellScriptBuildPhase section */
		4CA0320198D6094102B778BC /* [CP] Embed Pods Frameworks */ = {
			isa = PBXShellScriptBuildPhase;
			buildActionMask = 2147483647;
			files = (
			);
			inputFileListPaths = (
				"${PODS_ROOT}/Target Support Files/Pods-gasolinaOuAlcool/Pods-gasolinaOuAlcool-frameworks-${CONFIGURATION}-input-files.xcfilelist",
			);
			name = "[CP] Embed Pods Frameworks";
			outputFileListPaths = (
				"${PODS_ROOT}/Target Support Files/Pods-gasolinaOuAlcool/Pods-gasolinaOuAlcool-frameworks-${CONFIGURATION}-output-files.xcfilelist",
			);
			runOnlyForDeploymentPostprocessing = 0;
			shellPath = /bin/sh;
			shellScript = "\"${PODS_ROOT}/Target Support Files/Pods-gasolinaOuAlcool/Pods-gasolinaOuAlcool-frameworks.sh\"\n";
			showEnvVarsInLog = 0;
		};
		999325A7CBE06C9AD9961B49 /* [CP] Check Pods Manifest.lock */ = {
			isa = PBXShellScriptBuildPhase;
			buildActionMask = 2147483647;
			files = (
			);
			inputFileListPaths = (
			);
			inputPaths = (
				"${PODS_PODFILE_DIR_PATH}/Podfile.lock",
				"${PODS_ROOT}/Manifest.lock",
			);
			name = "[CP] Check Pods Manifest.lock";
			outputFileListPaths = (
			);
			outputPaths = (
				"$(DERIVED_FILE_DIR)/Pods-gasolinaOuAlcool-checkManifestLockResult.txt",
			);
			runOnlyForDeploymentPostprocessing = 0;
			shellPath = /bin/sh;
			shellScript = "diff \"${PODS_PODFILE_DIR_PATH}/Podfile.lock\" \"${PODS_ROOT}/Manifest.lock\" > /dev/null\nif [ $? != 0 ] ; then\n    # print error to STDERR\n    echo \"error: The sandbox is not in sync with the Podfile.lock. Run 'pod install' or update your CocoaPods installation.\" >&2\n    exit 1\nfi\n# This output is used by Xcode 'outputs' to avoid re-running this script phase.\necho \"SUCCESS\" > \"${SCRIPT_OUTPUT_FILE_0}\"\n";
			showEnvVarsInLog = 0;
		};
/* End PBXShellScriptBuildPhase section */

/* Begin PBXSourcesBuildPhase section */
		81CE3A2F2A93F1A00028EC7A /* Sources */ = {
			isa = PBXSourcesBuildPhase;
			buildActionMask = 2147483647;
			files = (
				81D236142AA12547002F1FA0 /* UIViewController + Extension.swift in Sources */,
				812203412A9E6AEF00383E92 /* resultadoVC.swift in Sources */,
				81D236122AA1169C002F1FA0 /* UITextField + Extension.swift in Sources */,
				81CE3A4D2A93F69C0028EC7A /* homeScreen.swift in Sources */,
				81CE3A3B2A93F1A00028EC7A /* homeVC.swift in Sources */,
				81CE3A522A9541070028EC7A /* calculadoraVC.swift in Sources */,
				812203432A9E6B0800383E92 /* resultadoScreen.swift in Sources */,
				81CE3A372A93F1A00028EC7A /* AppDelegate.swift in Sources */,
				81CE3A582A97E96D0028EC7A /* alert.swift in Sources */,
				81CE3A392A93F1A00028EC7A /* SceneDelegate.swift in Sources */,
				81CE3A552A9542320028EC7A /* calculadoraScreen.swift in Sources */,
			);
			runOnlyForDeploymentPostprocessing = 0;
		};
/* End PBXSourcesBuildPhase section */

/* Begin PBXVariantGroup section */
		81CE3A412A93F1A20028EC7A /* LaunchScreen.storyboard */ = {
			isa = PBXVariantGroup;
			children = (
				81CE3A422A93F1A20028EC7A /* Base */,
			);
			name = LaunchScreen.storyboard;
			sourceTree = "<group>";
		};
/* End PBXVariantGroup section */

/* Begin XCBuildConfiguration section */
		81CE3A452A93F1A20028EC7A /* Debug */ = {
			isa = XCBuildConfiguration;
			buildSettings = {
				ALWAYS_SEARCH_USER_PATHS = NO;
				CLANG_ANALYZER_NONNULL = YES;
				CLANG_ANALYZER_NUMBER_OBJECT_CONVERSION = YES_AGGRESSIVE;
				CLANG_CXX_LANGUAGE_STANDARD = "gnu++20";
				CLANG_ENABLE_MODULES = YES;
				CLANG_ENABLE_OBJC_ARC = YES;
				CLANG_ENABLE_OBJC_WEAK = YES;
				CLANG_WARN_BLOCK_CAPTURE_AUTORELEASING = YES;
				CLANG_WARN_BOOL_CONVERSION = YES;
				CLANG_WARN_COMMA = YES;
				CLANG_WARN_CONSTANT_CONVERSION = YES;
				CLANG_WARN_DEPRECATED_OBJC_IMPLEMENTATIONS = YES;
				CLANG_WARN_DIRECT_OBJC_ISA_USAGE = YES_ERROR;
				CLANG_WARN_DOCUMENTATION_COMMENTS = YES;
				CLANG_WARN_EMPTY_BODY = YES;
				CLANG_WARN_ENUM_CONVERSION = YES;
				CLANG_WARN_INFINITE_RECURSION = YES;
				CLANG_WARN_INT_CONVERSION = YES;
				CLANG_WARN_NON_LITERAL_NULL_CONVERSION = YES;
				CLANG_WARN_OBJC_IMPLICIT_RETAIN_SELF = YES;
				CLANG_WARN_OBJC_LITERAL_CONVERSION = YES;
				CLANG_WARN_OBJC_ROOT_CLASS = YES_ERROR;
				CLANG_WARN_QUOTED_INCLUDE_IN_FRAMEWORK_HEADER = YES;
				CLANG_WARN_RANGE_LOOP_ANALYSIS = YES;
				CLANG_WARN_STRICT_PROTOTYPES = YES;
				CLANG_WARN_SUSPICIOUS_MOVE = YES;
				CLANG_WARN_UNGUARDED_AVAILABILITY = YES_AGGRESSIVE;
				CLANG_WARN_UNREACHABLE_CODE = YES;
				CLANG_WARN__DUPLICATE_METHOD_MATCH = YES;
				COPY_PHASE_STRIP = NO;
				DEBUG_INFORMATION_FORMAT = dwarf;
				ENABLE_STRICT_OBJC_MSGSEND = YES;
				ENABLE_TESTABILITY = YES;
				GCC_C_LANGUAGE_STANDARD = gnu11;
				GCC_DYNAMIC_NO_PIC = NO;
				GCC_NO_COMMON_BLOCKS = YES;
				GCC_OPTIMIZATION_LEVEL = 0;
				GCC_PREPROCESSOR_DEFINITIONS = (
					"DEBUG=1",
					"$(inherited)",
				);
				GCC_WARN_64_TO_32_BIT_CONVERSION = YES;
				GCC_WARN_ABOUT_RETURN_TYPE = YES_ERROR;
				GCC_WARN_UNDECLARED_SELECTOR = YES;
				GCC_WARN_UNINITIALIZED_AUTOS = YES_AGGRESSIVE;
				GCC_WARN_UNUSED_FUNCTION = YES;
				GCC_WARN_UNUSED_VARIABLE = YES;
				IPHONEOS_DEPLOYMENT_TARGET = 16.4;
				MTL_ENABLE_DEBUG_INFO = INCLUDE_SOURCE;
				MTL_FAST_MATH = YES;
				ONLY_ACTIVE_ARCH = YES;
				SDKROOT = iphoneos;
				SWIFT_ACTIVE_COMPILATION_CONDITIONS = DEBUG;
				SWIFT_OPTIMIZATION_LEVEL = "-Onone";
			};
			name = Debug;
		};
		81CE3A462A93F1A20028EC7A /* Release */ = {
			isa = XCBuildConfiguration;
			buildSettings = {
				ALWAYS_SEARCH_USER_PATHS = NO;
				CLANG_ANALYZER_NONNULL = YES;
				CLANG_ANALYZER_NUMBER_OBJECT_CONVERSION = YES_AGGRESSIVE;
				CLANG_CXX_LANGUAGE_STANDARD = "gnu++20";
				CLANG_ENABLE_MODULES = YES;
				CLANG_ENABLE_OBJC_ARC = YES;
				CLANG_ENABLE_OBJC_WEAK = YES;
				CLANG_WARN_BLOCK_CAPTURE_AUTORELEASING = YES;
				CLANG_WARN_BOOL_CONVERSION = YES;
				CLANG_WARN_COMMA = YES;
				CLANG_WARN_CONSTANT_CONVERSION = YES;
				CLANG_WARN_DEPRECATED_OBJC_IMPLEMENTATIONS = YES;
				CLANG_WARN_DIRECT_OBJC_ISA_USAGE = YES_ERROR;
				CLANG_WARN_DOCUMENTATION_COMMENTS = YES;
				CLANG_WARN_EMPTY_BODY = YES;
				CLANG_WARN_ENUM_CONVERSION = YES;
				CLANG_WARN_INFINITE_RECURSION = YES;
				CLANG_WARN_INT_CONVERSION = YES;
				CLANG_WARN_NON_LITERAL_NULL_CONVERSION = YES;
				CLANG_WARN_OBJC_IMPLICIT_RETAIN_SELF = YES;
				CLANG_WARN_OBJC_LITERAL_CONVERSION = YES;
				CLANG_WARN_OBJC_ROOT_CLASS = YES_ERROR;
				CLANG_WARN_QUOTED_INCLUDE_IN_FRAMEWORK_HEADER = YES;
				CLANG_WARN_RANGE_LOOP_ANALYSIS = YES;
				CLANG_WARN_STRICT_PROTOTYPES = YES;
				CLANG_WARN_SUSPICIOUS_MOVE = YES;
				CLANG_WARN_UNGUARDED_AVAILABILITY = YES_AGGRESSIVE;
				CLANG_WARN_UNREACHABLE_CODE = YES;
				CLANG_WARN__DUPLICATE_METHOD_MATCH = YES;
				COPY_PHASE_STRIP = NO;
				DEBUG_INFORMATION_FORMAT = "dwarf-with-dsym";
				ENABLE_NS_ASSERTIONS = NO;
				ENABLE_STRICT_OBJC_MSGSEND = YES;
				GCC_C_LANGUAGE_STANDARD = gnu11;
				GCC_NO_COMMON_BLOCKS = YES;
				GCC_WARN_64_TO_32_BIT_CONVERSION = YES;
				GCC_WARN_ABOUT_RETURN_TYPE = YES_ERROR;
				GCC_WARN_UNDECLARED_SELECTOR = YES;
				GCC_WARN_UNINITIALIZED_AUTOS = YES_AGGRESSIVE;
				GCC_WARN_UNUSED_FUNCTION = YES;
				GCC_WARN_UNUSED_VARIABLE = YES;
				IPHONEOS_DEPLOYMENT_TARGET = 16.4;
				MTL_ENABLE_DEBUG_INFO = NO;
				MTL_FAST_MATH = YES;
				SDKROOT = iphoneos;
				SWIFT_COMPILATION_MODE = wholemodule;
				SWIFT_OPTIMIZATION_LEVEL = "-O";
				VALIDATE_PRODUCT = YES;
			};
			name = Release;
		};
		81CE3A482A93F1A20028EC7A /* Debug */ = {
			isa = XCBuildConfiguration;
			baseConfigurationReference = 17E1820C329612FFDD972426 /* Pods-gasolinaOuAlcool.debug.xcconfig */;
			buildSettings = {
				ASSETCATALOG_COMPILER_APPICON_NAME = AppIcon;
				ASSETCATALOG_COMPILER_GLOBAL_ACCENT_COLOR_NAME = AccentColor;
				CODE_SIGN_STYLE = Automatic;
				CURRENT_PROJECT_VERSION = 1;
				DEVELOPMENT_TEAM = 58S6S4T26J;
				GENERATE_INFOPLIST_FILE = YES;
				INFOPLIST_FILE = gasolinaOuAlcool/Info.plist;
				INFOPLIST_KEY_UIApplicationSupportsIndirectInputEvents = YES;
				INFOPLIST_KEY_UILaunchStoryboardName = LaunchScreen;
				INFOPLIST_KEY_UIMainStoryboardFile = "";
				INFOPLIST_KEY_UISupportedInterfaceOrientations_iPad = "UIInterfaceOrientationPortrait UIInterfaceOrientationPortraitUpsideDown UIInterfaceOrientationLandscapeLeft UIInterfaceOrientationLandscapeRight";
				INFOPLIST_KEY_UISupportedInterfaceOrientations_iPhone = "UIInterfaceOrientationPortrait UIInterfaceOrientationLandscapeLeft UIInterfaceOrientationLandscapeRight";
				LD_RUNPATH_SEARCH_PATHS = (
					"$(inherited)",
					"@executable_path/Frameworks",
				);
				MARKETING_VERSION = 1.0;
				PRODUCT_BUNDLE_IDENTIFIER = com.gasolinaOuAlcool;
				PRODUCT_NAME = "$(TARGET_NAME)";
				SWIFT_EMIT_LOC_STRINGS = YES;
				SWIFT_VERSION = 5.0;
				TARGETED_DEVICE_FAMILY = "1,2";
			};
			name = Debug;
		};
		81CE3A492A93F1A20028EC7A /* Release */ = {
			isa = XCBuildConfiguration;
			baseConfigurationReference = EED7AE50428C22E7EA4E3285 /* Pods-gasolinaOuAlcool.release.xcconfig */;
			buildSettings = {
				ASSETCATALOG_COMPILER_APPICON_NAME = AppIcon;
				ASSETCATALOG_COMPILER_GLOBAL_ACCENT_COLOR_NAME = AccentColor;
				CODE_SIGN_STYLE = Automatic;
				CURRENT_PROJECT_VERSION = 1;
				DEVELOPMENT_TEAM = 58S6S4T26J;
				GENERATE_INFOPLIST_FILE = YES;
				INFOPLIST_FILE = gasolinaOuAlcool/Info.plist;
				INFOPLIST_KEY_UIApplicationSupportsIndirectInputEvents = YES;
				INFOPLIST_KEY_UILaunchStoryboardName = LaunchScreen;
				INFOPLIST_KEY_UIMainStoryboardFile = "";
				INFOPLIST_KEY_UISupportedInterfaceOrientations_iPad = "UIInterfaceOrientationPortrait UIInterfaceOrientationPortraitUpsideDown UIInterfaceOrientationLandscapeLeft UIInterfaceOrientationLandscapeRight";
				INFOPLIST_KEY_UISupportedInterfaceOrientations_iPhone = "UIInterfaceOrientationPortrait UIInterfaceOrientationLandscapeLeft UIInterfaceOrientationLandscapeRight";
				LD_RUNPATH_SEARCH_PATHS = (
					"$(inherited)",
					"@executable_path/Frameworks",
				);
				MARKETING_VERSION = 1.0;
				PRODUCT_BUNDLE_IDENTIFIER = com.gasolinaOuAlcool;
				PRODUCT_NAME = "$(TARGET_NAME)";
				SWIFT_EMIT_LOC_STRINGS = YES;
				SWIFT_VERSION = 5.0;
				TARGETED_DEVICE_FAMILY = "1,2";
			};
			name = Release;
		};
/* End XCBuildConfiguration section */

/* Begin XCConfigurationList section */
		81CE3A2E2A93F1A00028EC7A /* Build configuration list for PBXProject "gasolinaOuAlcool" */ = {
			isa = XCConfigurationList;
			buildConfigurations = (
				81CE3A452A93F1A20028EC7A /* Debug */,
				81CE3A462A93F1A20028EC7A /* Release */,
			);
			defaultConfigurationIsVisible = 0;
			defaultConfigurationName = Release;
		};
		81CE3A472A93F1A20028EC7A /* Build configuration list for PBXNativeTarget "gasolinaOuAlcool" */ = {
			isa = XCConfigurationList;
			buildConfigurations = (
				81CE3A482A93F1A20028EC7A /* Debug */,
				81CE3A492A93F1A20028EC7A /* Release */,
			);
			defaultConfigurationIsVisible = 0;
			defaultConfigurationName = Release;
		};
/* End XCConfigurationList section */
	};
	rootObject = 81CE3A2B2A93F1A00028EC7A /* Project object */;
}
